// !$*UTF8*$!
{
	archiveVersion = 1;
	classes = {
	};
	objectVersion = 56;
	objects = {

/* Begin PBXBuildFile section */
		C553EFC8295CBE0800543DC3 /* AppDelegate.swift in Sources */ = {isa = PBXBuildFile; fileRef = C553EFC7295CBE0800543DC3 /* AppDelegate.swift */; };
		C553EFCA295CBE0800543DC3 /* SceneDelegate.swift in Sources */ = {isa = PBXBuildFile; fileRef = C553EFC9295CBE0800543DC3 /* SceneDelegate.swift */; };
		C553EFCC295CBE0800543DC3 /* ViewController.swift in Sources */ = {isa = PBXBuildFile; fileRef = C553EFCB295CBE0800543DC3 /* ViewController.swift */; };
		C553EFCF295CBE0800543DC3 /* Main.storyboard in Resources */ = {isa = PBXBuildFile; fileRef = C553EFCD295CBE0800543DC3 /* Main.storyboard */; };
		C553EFD1295CBE0B00543DC3 /* Assets.xcassets in Resources */ = {isa = PBXBuildFile; fileRef = C553EFD0295CBE0B00543DC3 /* Assets.xcassets */; };
		C553EFD4295CBE0B00543DC3 /* LaunchScreen.storyboard in Resources */ = {isa = PBXBuildFile; fileRef = C553EFD2295CBE0B00543DC3 /* LaunchScreen.storyboard */; };
		C553EFDF295CBE0C00543DC3 /* RandomPhotoTests.swift in Sources */ = {isa = PBXBuildFile; fileRef = C553EFDE295CBE0C00543DC3 /* RandomPhotoTests.swift */; };
		C553EFE9295CBE0C00543DC3 /* RandomPhotoUITests.swift in Sources */ = {isa = PBXBuildFile; fileRef = C553EFE8295CBE0C00543DC3 /* RandomPhotoUITests.swift */; };
		C553EFEB295CBE0C00543DC3 /* RandomPhotoUITestsLaunchTests.swift in Sources */ = {isa = PBXBuildFile; fileRef = C553EFEA295CBE0C00543DC3 /* RandomPhotoUITestsLaunchTests.swift */; };
/* End PBXBuildFile section */

/* Begin PBXContainerItemProxy section */
		C553EFDB295CBE0C00543DC3 /* PBXContainerItemProxy */ = {
			isa = PBXContainerItemProxy;
			containerPortal = C553EFBC295CBE0800543DC3 /* Project object */;
			proxyType = 1;
			remoteGlobalIDString = C553EFC3295CBE0800543DC3;
			remoteInfo = RandomPhoto;
		};
		C553EFE5295CBE0C00543DC3 /* PBXContainerItemProxy */ = {
			isa = PBXContainerItemProxy;
			containerPortal = C553EFBC295CBE0800543DC3 /* Project object */;
			proxyType = 1;
			remoteGlobalIDString = C553EFC3295CBE0800543DC3;
			remoteInfo = RandomPhoto;
		};
/* End PBXContainerItemProxy section */

/* Begin PBXFileReference section */
		C553EFC4295CBE0800543DC3 /* RandomPhoto.app */ = {isa = PBXFileReference; explicitFileType = wrapper.application; includeInIndex = 0; path = RandomPhoto.app; sourceTree = BUILT_PRODUCTS_DIR; };
		C553EFC7295CBE0800543DC3 /* AppDelegate.swift */ = {isa = PBXFileReference; lastKnownFileType = sourcecode.swift; path = AppDelegate.swift; sourceTree = "<group>"; };
		C553EFC9295CBE0800543DC3 /* SceneDelegate.swift */ = {isa = PBXFileReference; lastKnownFileType = sourcecode.swift; path = SceneDelegate.swift; sourceTree = "<group>"; };
		C553EFCB295CBE0800543DC3 /* ViewController.swift */ = {isa = PBXFileReference; lastKnownFileType = sourcecode.swift; path = ViewController.swift; sourceTree = "<group>"; };
		C553EFCE295CBE0800543DC3 /* Base */ = {isa = PBXFileReference; lastKnownFileType = file.storyboard; name = Base; path = Base.lproj/Main.storyboard; sourceTree = "<group>"; };
		C553EFD0295CBE0B00543DC3 /* Assets.xcassets */ = {isa = PBXFileReference; lastKnownFileType = folder.assetcatalog; path = Assets.xcassets; sourceTree = "<group>"; };
		C553EFD3295CBE0B00543DC3 /* Base */ = {isa = PBXFileReference; lastKnownFileType = file.storyboard; name = Base; path = Base.lproj/LaunchScreen.storyboard; sourceTree = "<group>"; };
		C553EFD5295CBE0B00543DC3 /* Info.plist */ = {isa = PBXFileReference; lastKnownFileType = text.plist.xml; path = Info.plist; sourceTree = "<group>"; };
		C553EFDA295CBE0C00543DC3 /* RandomPhotoTests.xctest */ = {isa = PBXFileReference; explicitFileType = wrapper.cfbundle; includeInIndex = 0; path = RandomPhotoTests.xctest; sourceTree = BUILT_PRODUCTS_DIR; };
		C553EFDE295CBE0C00543DC3 /* RandomPhotoTests.swift */ = {isa = PBXFileReference; lastKnownFileType = sourcecode.swift; path = RandomPhotoTests.swift; sourceTree = "<group>"; };
		C553EFE4295CBE0C00543DC3 /* RandomPhotoUITests.xctest */ = {isa = PBXFileReference; explicitFileType = wrapper.cfbundle; includeInIndex = 0; path = RandomPhotoUITests.xctest; sourceTree = BUILT_PRODUCTS_DIR; };
		C553EFE8295CBE0C00543DC3 /* RandomPhotoUITests.swift */ = {isa = PBXFileReference; lastKnownFileType = sourcecode.swift; path = RandomPhotoUITests.swift; sourceTree = "<group>"; };
		C553EFEA295CBE0C00543DC3 /* RandomPhotoUITestsLaunchTests.swift */ = {isa = PBXFileReference; lastKnownFileType = sourcecode.swift; path = RandomPhotoUITestsLaunchTests.swift; sourceTree = "<group>"; };
		C553EFF8295CD09300543DC3 /* en */ = {isa = PBXFileReference; lastKnownFileType = text.plist.strings; name = en; path = en.lproj/Main.strings; sourceTree = "<group>"; };
/* End PBXFileReference section */

/* Begin PBXFrameworksBuildPhase section */
		C553EFC1295CBE0800543DC3 /* Frameworks */ = {
			isa = PBXFrameworksBuildPhase;
			buildActionMask = 2147483647;
			files = (
			);
			runOnlyForDeploymentPostprocessing = 0;
		};
		C553EFD7295CBE0C00543DC3 /* Frameworks */ = {
			isa = PBXFrameworksBuildPhase;
			buildActionMask = 2147483647;
			files = (
			);
			runOnlyForDeploymentPostprocessing = 0;
		};
		C553EFE1295CBE0C00543DC3 /* Frameworks */ = {
			isa = PBXFrameworksBuildPhase;
			buildActionMask = 2147483647;
			files = (
			);
			runOnlyForDeploymentPostprocessing = 0;
		};
/* End PBXFrameworksBuildPhase section */

/* Begin PBXGroup section */
		C553EFBB295CBE0800543DC3 = {
			isa = PBXGroup;
			children = (
				C553EFC6295CBE0800543DC3 /* RandomPhoto */,
				C553EFDD295CBE0C00543DC3 /* RandomPhotoTests */,
				C553EFE7295CBE0C00543DC3 /* RandomPhotoUITests */,
				C553EFC5295CBE0800543DC3 /* Products */,
			);
			sourceTree = "<group>";
		};
		C553EFC5295CBE0800543DC3 /* Products */ = {
			isa = PBXGroup;
			children = (
				C553EFC4295CBE0800543DC3 /* RandomPhoto.app */,
				C553EFDA295CBE0C00543DC3 /* RandomPhotoTests.xctest */,
				C553EFE4295CBE0C00543DC3 /* RandomPhotoUITests.xctest */,
			);
			name = Products;
			sourceTree = "<group>";
		};
		C553EFC6295CBE0800543DC3 /* RandomPhoto */ = {
			isa = PBXGroup;
			children = (
				C553EFC7295CBE0800543DC3 /* AppDelegate.swift */,
				C553EFC9295CBE0800543DC3 /* SceneDelegate.swift */,
				C553EFCB295CBE0800543DC3 /* ViewController.swift */,
				C553EFCD295CBE0800543DC3 /* Main.storyboard */,
				C553EFD0295CBE0B00543DC3 /* Assets.xcassets */,
				C553EFD2295CBE0B00543DC3 /* LaunchScreen.storyboard */,
				C553EFD5295CBE0B00543DC3 /* Info.plist */,
			);
			path = RandomPhoto;
			sourceTree = "<group>";
		};
		C553EFDD295CBE0C00543DC3 /* RandomPhotoTests */ = {
			isa = PBXGroup;
			children = (
				C553EFDE295CBE0C00543DC3 /* RandomPhotoTests.swift */,
			);
			path = RandomPhotoTests;
			sourceTree = "<group>";
		};
		C553EFE7295CBE0C00543DC3 /* RandomPhotoUITests */ = {
			isa = PBXGroup;
			children = (
				C553EFE8295CBE0C00543DC3 /* RandomPhotoUITests.swift */,
				C553EFEA295CBE0C00543DC3 /* RandomPhotoUITestsLaunchTests.swift */,
			);
			path = RandomPhotoUITests;
			sourceTree = "<group>";
		};
/* End PBXGroup section */

/* Begin PBXNativeTarget section */
		C553EFC3295CBE0800543DC3 /* RandomPhoto */ = {
			isa = PBXNativeTarget;
			buildConfigurationList = C553EFEE295CBE0C00543DC3 /* Build configuration list for PBXNativeTarget "RandomPhoto" */;
			buildPhases = (
				C553EFC0295CBE0800543DC3 /* Sources */,
				C553EFC1295CBE0800543DC3 /* Frameworks */,
				C553EFC2295CBE0800543DC3 /* Resources */,
			);
			buildRules = (
			);
			dependencies = (
			);
			name = RandomPhoto;
			productName = RandomPhoto;
			productReference = C553EFC4295CBE0800543DC3 /* RandomPhoto.app */;
			productType = "com.apple.product-type.application";
		};
		C553EFD9295CBE0C00543DC3 /* RandomPhotoTests */ = {
			isa = PBXNativeTarget;
			buildConfigurationList = C553EFF1295CBE0C00543DC3 /* Build configuration list for PBXNativeTarget "RandomPhotoTests" */;
			buildPhases = (
				C553EFD6295CBE0C00543DC3 /* Sources */,
				C553EFD7295CBE0C00543DC3 /* Frameworks */,
				C553EFD8295CBE0C00543DC3 /* Resources */,
			);
			buildRules = (
			);
			dependencies = (
				C553EFDC295CBE0C00543DC3 /* PBXTargetDependency */,
			);
			name = RandomPhotoTests;
			productName = RandomPhotoTests;
			productReference = C553EFDA295CBE0C00543DC3 /* RandomPhotoTests.xctest */;
			productType = "com.apple.product-type.bundle.unit-test";
		};
		C553EFE3295CBE0C00543DC3 /* RandomPhotoUITests */ = {
			isa = PBXNativeTarget;
			buildConfigurationList = C553EFF4295CBE0C00543DC3 /* Build configuration list for PBXNativeTarget "RandomPhotoUITests" */;
			buildPhases = (
				C553EFE0295CBE0C00543DC3 /* Sources */,
				C553EFE1295CBE0C00543DC3 /* Frameworks */,
				C553EFE2295CBE0C00543DC3 /* Resources */,
			);
			buildRules = (
			);
			dependencies = (
				C553EFE6295CBE0C00543DC3 /* PBXTargetDependency */,
			);
			name = RandomPhotoUITests;
			productName = RandomPhotoUITests;
			productReference = C553EFE4295CBE0C00543DC3 /* RandomPhotoUITests.xctest */;
			productType = "com.apple.product-type.bundle.ui-testing";
		};
/* End PBXNativeTarget section */

/* Begin PBXProject section */
		C553EFBC295CBE0800543DC3 /* Project object */ = {
			isa = PBXProject;
			attributes = {
				BuildIndependentTargetsInParallel = 1;
				LastSwiftUpdateCheck = 1420;
				LastUpgradeCheck = 1420;
				TargetAttributes = {
					C553EFC3295CBE0800543DC3 = {
						CreatedOnToolsVersion = 14.2;
					};
					C553EFD9295CBE0C00543DC3 = {
						CreatedOnToolsVersion = 14.2;
						TestTargetID = C553EFC3295CBE0800543DC3;
					};
					C553EFE3295CBE0C00543DC3 = {
						CreatedOnToolsVersion = 14.2;
						TestTargetID = C553EFC3295CBE0800543DC3;
					};
				};
			};
			buildConfigurationList = C553EFBF295CBE0800543DC3 /* Build configuration list for PBXProject "RandomPhoto" */;
			compatibilityVersion = "Xcode 14.0";
			developmentRegion = en;
			hasScannedForEncodings = 0;
			knownRegions = (
				en,
				Base,
			);
			mainGroup = C553EFBB295CBE0800543DC3;
			productRefGroup = C553EFC5295CBE0800543DC3 /* Products */;
			projectDirPath = "";
			projectRoot = "";
			targets = (
				C553EFC3295CBE0800543DC3 /* RandomPhoto */,
				C553EFD9295CBE0C00543DC3 /* RandomPhotoTests */,
				C553EFE3295CBE0C00543DC3 /* RandomPhotoUITests */,
			);
		};
/* End PBXProject section */

/* Begin PBXResourcesBuildPhase section */
		C553EFC2295CBE0800543DC3 /* Resources */ = {
			isa = PBXResourcesBuildPhase;
			buildActionMask = 2147483647;
			files = (
				C553EFD4295CBE0B00543DC3 /* LaunchScreen.storyboard in Resources */,
				C553EFD1295CBE0B00543DC3 /* Assets.xcassets in Resources */,
				C553EFCF295CBE0800543DC3 /* Main.storyboard in Resources */,
			);
			runOnlyForDeploymentPostprocessing = 0;
		};
		C553EFD8295CBE0C00543DC3 /* Resources */ = {
			isa = PBXResourcesBuildPhase;
			buildActionMask = 2147483647;
			files = (
			);
			runOnlyForDeploymentPostprocessing = 0;
		};
		C553EFE2295CBE0C00543DC3 /* Resources */ = {
			isa = PBXResourcesBuildPhase;
			buildActionMask = 2147483647;
			files = (
			);
			runOnlyForDeploymentPostprocessing = 0;
		};
/* End PBXResourcesBuildPhase section */

/* Begin PBXSourcesBuildPhase section */
		C553EFC0295CBE0800543DC3 /* Sources */ = {
			isa = PBXSourcesBuildPhase;
			buildActionMask = 2147483647;
			files = (
				C553EFCC295CBE0800543DC3 /* ViewController.swift in Sources */,
				C553EFC8295CBE0800543DC3 /* AppDelegate.swift in Sources */,
				C553EFCA295CBE0800543DC3 /* SceneDelegate.swift in Sources */,
			);
			runOnlyForDeploymentPostprocessing = 0;
		};
		C553EFD6295CBE0C00543DC3 /* Sources */ = {
			isa = PBXSourcesBuildPhase;
			buildActionMask = 2147483647;
			files = (
				C553EFDF295CBE0C00543DC3 /* RandomPhotoTests.swift in Sources */,
			);
			runOnlyForDeploymentPostprocessing = 0;
		};
		C553EFE0295CBE0C00543DC3 /* Sources */ = {
			isa = PBXSourcesBuildPhase;
			buildActionMask = 2147483647;
			files = (
				C553EFEB295CBE0C00543DC3 /* RandomPhotoUITestsLaunchTests.swift in Sources */,
				C553EFE9295CBE0C00543DC3 /* RandomPhotoUITests.swift in Sources */,
			);
			runOnlyForDeploymentPostprocessing = 0;
		};
/* End PBXSourcesBuildPhase section */

/* Begin PBXTargetDependency section */
		C553EFDC295CBE0C00543DC3 /* PBXTargetDependency */ = {
			isa = PBXTargetDependency;
			target = C553EFC3295CBE0800543DC3 /* RandomPhoto */;
			targetProxy = C553EFDB295CBE0C00543DC3 /* PBXContainerItemProxy */;
		};
		C553EFE6295CBE0C00543DC3 /* PBXTargetDependency */ = {
			isa = PBXTargetDependency;
			target = C553EFC3295CBE0800543DC3 /* RandomPhoto */;
			targetProxy = C553EFE5295CBE0C00543DC3 /* PBXContainerItemProxy */;
		};
/* End PBXTargetDependency section */

/* Begin PBXVariantGroup section */
		C553EFCD295CBE0800543DC3 /* Main.storyboard */ = {
			isa = PBXVariantGroup;
			children = (
				C553EFCE295CBE0800543DC3 /* Base */,
				C553EFF8295CD09300543DC3 /* en */,
			);
			name = Main.storyboard;
			sourceTree = "<group>";
		};
		C553EFD2295CBE0B00543DC3 /* LaunchScreen.storyboard */ = {
			isa = PBXVariantGroup;
			children = (
				C553EFD3295CBE0B00543DC3 /* Base */,
			);
			name = LaunchScreen.storyboard;
			sourceTree = "<group>";
		};
/* End PBXVariantGroup section */

/* Begin XCBuildConfiguration section */
		C553EFEC295CBE0C00543DC3 /* Debug */ = {
			isa = XCBuildConfiguration;
			buildSettings = {
				ALWAYS_SEARCH_USER_PATHS = NO;
				CLANG_ANALYZER_NONNULL = YES;
				CLANG_ANALYZER_NUMBER_OBJECT_CONVERSION = YES_AGGRESSIVE;
				CLANG_CXX_LANGUAGE_STANDARD = "gnu++20";
				CLANG_ENABLE_MODULES = YES;
				CLANG_ENABLE_OBJC_ARC = YES;
				CLANG_ENABLE_OBJC_WEAK = YES;
				CLANG_WARN_BLOCK_CAPTURE_AUTORELEASING = YES;
				CLANG_WARN_BOOL_CONVERSION = YES;
				CLANG_WARN_COMMA = YES;
				CLANG_WARN_CONSTANT_CONVERSION = YES;
				CLANG_WARN_DEPRECATED_OBJC_IMPLEMENTATIONS = YES;
				CLANG_WARN_DIRECT_OBJC_ISA_USAGE = YES_ERROR;
				CLANG_WARN_DOCUMENTATION_COMMENTS = YES;
				CLANG_WARN_EMPTY_BODY = YES;
				CLANG_WARN_ENUM_CONVERSION = YES;
				CLANG_WARN_INFINITE_RECURSION = YES;
				CLANG_WARN_INT_CONVERSION = YES;
				CLANG_WARN_NON_LITERAL_NULL_CONVERSION = YES;
				CLANG_WARN_OBJC_IMPLICIT_RETAIN_SELF = YES;
				CLANG_WARN_OBJC_LITERAL_CONVERSION = YES;
				CLANG_WARN_OBJC_ROOT_CLASS = YES_ERROR;
				CLANG_WARN_QUOTED_INCLUDE_IN_FRAMEWORK_HEADER = YES;
				CLANG_WARN_RANGE_LOOP_ANALYSIS = YES;
				CLANG_WARN_STRICT_PROTOTYPES = YES;
				CLANG_WARN_SUSPICIOUS_MOVE = YES;
				CLANG_WARN_UNGUARDED_AVAILABILITY = YES_AGGRESSIVE;
				CLANG_WARN_UNREACHABLE_CODE = YES;
				CLANG_WARN__DUPLICATE_METHOD_MATCH = YES;
				COPY_PHASE_STRIP = NO;
				DEBUG_INFORMATION_FORMAT = dwarf;
				ENABLE_STRICT_OBJC_MSGSEND = YES;
				ENABLE_TESTABILITY = YES;
				GCC_C_LANGUAGE_STANDARD = gnu11;
				GCC_DYNAMIC_NO_PIC = NO;
				GCC_NO_COMMON_BLOCKS = YES;
				GCC_OPTIMIZATION_LEVEL = 0;
				GCC_PREPROCESSOR_DEFINITIONS = (
					"DEBUG=1",
					"$(inherited)",
				);
				GCC_WARN_64_TO_32_BIT_CONVERSION = YES;
				GCC_WARN_ABOUT_RETURN_TYPE = YES_ERROR;
				GCC_WARN_UNDECLARED_SELECTOR = YES;
				GCC_WARN_UNINITIALIZED_AUTOS = YES_AGGRESSIVE;
				GCC_WARN_UNUSED_FUNCTION = YES;
				GCC_WARN_UNUSED_VARIABLE = YES;
				IPHONEOS_DEPLOYMENT_TARGET = 16.2;
				MTL_ENABLE_DEBUG_INFO = INCLUDE_SOURCE;
				MTL_FAST_MATH = YES;
				ONLY_ACTIVE_ARCH = YES;
				SDKROOT = iphoneos;
				SWIFT_ACTIVE_COMPILATION_CONDITIONS = DEBUG;
				SWIFT_OPTIMIZATION_LEVEL = "-Onone";
			};
			name = Debug;
		};
		C553EFED295CBE0C00543DC3 /* Release */ = {
			isa = XCBuildConfiguration;
			buildSettings = {
				ALWAYS_SEARCH_USER_PATHS = NO;
				CLANG_ANALYZER_NONNULL = YES;
				CLANG_ANALYZER_NUMBER_OBJECT_CONVERSION = YES_AGGRESSIVE;
				CLANG_CXX_LANGUAGE_STANDARD = "gnu++20";
				CLANG_ENABLE_MODULES = YES;
				CLANG_ENABLE_OBJC_ARC = YES;
				CLANG_ENABLE_OBJC_WEAK = YES;
				CLANG_WARN_BLOCK_CAPTURE_AUTORELEASING = YES;
				CLANG_WARN_BOOL_CONVERSION = YES;
				CLANG_WARN_COMMA = YES;
				CLANG_WARN_CONSTANT_CONVERSION = YES;
				CLANG_WARN_DEPRECATED_OBJC_IMPLEMENTATIONS = YES;
				CLANG_WARN_DIRECT_OBJC_ISA_USAGE = YES_ERROR;
				CLANG_WARN_DOCUMENTATION_COMMENTS = YES;
				CLANG_WARN_EMPTY_BODY = YES;
				CLANG_WARN_ENUM_CONVERSION = YES;
				CLANG_WARN_INFINITE_RECURSION = YES;
				CLANG_WARN_INT_CONVERSION = YES;
				CLANG_WARN_NON_LITERAL_NULL_CONVERSION = YES;
				CLANG_WARN_OBJC_IMPLICIT_RETAIN_SELF = YES;
				CLANG_WARN_OBJC_LITERAL_CONVERSION = YES;
				CLANG_WARN_OBJC_ROOT_CLASS = YES_ERROR;
				CLANG_WARN_QUOTED_INCLUDE_IN_FRAMEWORK_HEADER = YES;
				CLANG_WARN_RANGE_LOOP_ANALYSIS = YES;
				CLANG_WARN_STRICT_PROTOTYPES = YES;
				CLANG_WARN_SUSPICIOUS_MOVE = YES;
				CLANG_WARN_UNGUARDED_AVAILABILITY = YES_AGGRESSIVE;
				CLANG_WARN_UNREACHABLE_CODE = YES;
				CLANG_WARN__DUPLICATE_METHOD_MATCH = YES;
				COPY_PHASE_STRIP = NO;
				DEBUG_INFORMATION_FORMAT = "dwarf-with-dsym";
				ENABLE_NS_ASSERTIONS = NO;
				ENABLE_STRICT_OBJC_MSGSEND = YES;
				GCC_C_LANGUAGE_STANDARD = gnu11;
				GCC_NO_COMMON_BLOCKS = YES;
				GCC_WARN_64_TO_32_BIT_CONVERSION = YES;
				GCC_WARN_ABOUT_RETURN_TYPE = YES_ERROR;
				GCC_WARN_UNDECLARED_SELECTOR = YES;
				GCC_WARN_UNINITIALIZED_AUTOS = YES_AGGRESSIVE;
				GCC_WARN_UNUSED_FUNCTION = YES;
				GCC_WARN_UNUSED_VARIABLE = YES;
				IPHONEOS_DEPLOYMENT_TARGET = 16.2;
				MTL_ENABLE_DEBUG_INFO = NO;
				MTL_FAST_MATH = YES;
				SDKROOT = iphoneos;
				SWIFT_COMPILATION_MODE = wholemodule;
				SWIFT_OPTIMIZATION_LEVEL = "-O";
				VALIDATE_PRODUCT = YES;
			};
			name = Release;
		};
		C553EFEF295CBE0C00543DC3 /* Debug */ = {
			isa = XCBuildConfiguration;
			buildSettings = {
				ASSETCATALOG_COMPILER_APPICON_NAME = AppIcon;
				ASSETCATALOG_COMPILER_GLOBAL_ACCENT_COLOR_NAME = AccentColor;
				CODE_SIGN_STYLE = Automatic;
				CURRENT_PROJECT_VERSION = 1;
				GENERATE_INFOPLIST_FILE = YES;
				INFOPLIST_FILE = RandomPhoto/Info.plist;
				INFOPLIST_KEY_UIApplicationSupportsIndirectInputEvents = YES;
				INFOPLIST_KEY_UILaunchStoryboardName = LaunchScreen;
				INFOPLIST_KEY_UIMainStoryboardFile = Main;
				INFOPLIST_KEY_UISupportedInterfaceOrientations_iPad = "UIInterfaceOrientationPortrait UIInterfaceOrientationPortraitUpsideDown UIInterfaceOrientationLandscapeLeft UIInterfaceOrientationLandscapeRight";
				INFOPLIST_KEY_UISupportedInterfaceOrientations_iPhone = "UIInterfaceOrientationPortrait UIInterfaceOrientationLandscapeLeft UIInterfaceOrientationLandscapeRight";
				LD_RUNPATH_SEARCH_PATHS = (
					"$(inherited)",
					"@executable_path/Frameworks",
				);
				MARKETING_VERSION = 1.0;
				PRODUCT_BUNDLE_IDENTIFIER = shreya.RandomPhoto;
				PRODUCT_NAME = "$(TARGET_NAME)";
				SWIFT_EMIT_LOC_STRINGS = YES;
				SWIFT_VERSION = 5.0;
				TARGETED_DEVICE_FAMILY = "1,2";
			};
			name = Debug;
		};
		C553EFF0295CBE0C00543DC3 /* Release */ = {
			isa = XCBuildConfiguration;
			buildSettings = {
				ASSETCATALOG_COMPILER_APPICON_NAME = AppIcon;
				ASSETCATALOG_COMPILER_GLOBAL_ACCENT_COLOR_NAME = AccentColor;
				CODE_SIGN_STYLE = Automatic;
				CURRENT_PROJECT_VERSION = 1;
				GENERATE_INFOPLIST_FILE = YES;
				INFOPLIST_FILE = RandomPhoto/Info.plist;
				INFOPLIST_KEY_UIApplicationSupportsIndirectInputEvents = YES;
				INFOPLIST_KEY_UILaunchStoryboardName = LaunchScreen;
				INFOPLIST_KEY_UIMainStoryboardFile = Main;
				INFOPLIST_KEY_UISupportedInterfaceOrientations_iPad = "UIInterfaceOrientationPortrait UIInterfaceOrientationPortraitUpsideDown UIInterfaceOrientationLandscapeLeft UIInterfaceOrientationLandscapeRight";
				INFOPLIST_KEY_UISupportedInterfaceOrientations_iPhone = "UIInterfaceOrientationPortrait UIInterfaceOrientationLandscapeLeft UIInterfaceOrientationLandscapeRight";
				LD_RUNPATH_SEARCH_PATHS = (
					"$(inherited)",
					"@executable_path/Frameworks",
				);
				MARKETING_VERSION = 1.0;
				PRODUCT_BUNDLE_IDENTIFIER = shreya.RandomPhoto;
				PRODUCT_NAME = "$(TARGET_NAME)";
				SWIFT_EMIT_LOC_STRINGS = YES;
				SWIFT_VERSION = 5.0;
				TARGETED_DEVICE_FAMILY = "1,2";
			};
			name = Release;
		};
		C553EFF2295CBE0C00543DC3 /* Debug */ = {
			isa = XCBuildConfiguration;
			buildSettings = {
				ALWAYS_EMBED_SWIFT_STANDARD_LIBRARIES = YES;
				BUNDLE_LOADER = "$(TEST_HOST)";
				CODE_SIGN_STYLE = Automatic;
				CURRENT_PROJECT_VERSION = 1;
				GENERATE_INFOPLIST_FILE = YES;
				IPHONEOS_DEPLOYMENT_TARGET = 16.2;
				MARKETING_VERSION = 1.0;
				PRODUCT_BUNDLE_IDENTIFIER = shreya.RandomPhotoTests;
				PRODUCT_NAME = "$(TARGET_NAME)";
				SWIFT_EMIT_LOC_STRINGS = NO;
				SWIFT_VERSION = 5.0;
				TARGETED_DEVICE_FAMILY = "1,2";
				TEST_HOST = "$(BUILT_PRODUCTS_DIR)/RandomPhoto.app/$(BUNDLE_EXECUTABLE_FOLDER_PATH)/RandomPhoto";
			};
			name = Debug;
		};
		C553EFF3295CBE0C00543DC3 /* Release */ = {
			isa = XCBuildConfiguration;
			buildSettings = {
				ALWAYS_EMBED_SWIFT_STANDARD_LIBRARIES = YES;
				BUNDLE_LOADER = "$(TEST_HOST)";
				CODE_SIGN_STYLE = Automatic;
				CURRENT_PROJECT_VERSION = 1;
				GENERATE_INFOPLIST_FILE = YES;
				IPHONEOS_DEPLOYMENT_TARGET = 16.2;
				MARKETING_VERSION = 1.0;
				PRODUCT_BUNDLE_IDENTIFIER = shreya.RandomPhotoTests;
				PRODUCT_NAME = "$(TARGET_NAME)";
				SWIFT_EMIT_LOC_STRINGS = NO;
				SWIFT_VERSION = 5.0;
				TARGETED_DEVICE_FAMILY = "1,2";
				TEST_HOST = "$(BUILT_PRODUCTS_DIR)/RandomPhoto.app/$(BUNDLE_EXECUTABLE_FOLDER_PATH)/RandomPhoto";
			};
			name = Release;
		};
		C553EFF5295CBE0C00543DC3 /* Debug */ = {
			isa = XCBuildConfiguration;
			buildSettings = {
				ALWAYS_EMBED_SWIFT_STANDARD_LIBRARIES = YES;
				CODE_SIGN_STYLE = Automatic;
				CURRENT_PROJECT_VERSION = 1;
				GENERATE_INFOPLIST_FILE = YES;
				MARKETING_VERSION = 1.0;
				PRODUCT_BUNDLE_IDENTIFIER = shreya.RandomPhotoUITests;
				PRODUCT_NAME = "$(TARGET_NAME)";
				SWIFT_EMIT_LOC_STRINGS = NO;
				SWIFT_VERSION = 5.0;
				TARGETED_DEVICE_FAMILY = "1,2";
				TEST_TARGET_NAME = RandomPhoto;
			};
			name = Debug;
		};
		C553EFF6295CBE0C00543DC3 /* Release */ = {
			isa = XCBuildConfiguration;
			buildSettings = {
				ALWAYS_EMBED_SWIFT_STANDARD_LIBRARIES = YES;
				CODE_SIGN_STYLE = Automatic;
				CURRENT_PROJECT_VERSION = 1;
				GENERATE_INFOPLIST_FILE = YES;
				MARKETING_VERSION = 1.0;
				PRODUCT_BUNDLE_IDENTIFIER = shreya.RandomPhotoUITests;
				PRODUCT_NAME = "$(TARGET_NAME)";
				SWIFT_EMIT_LOC_STRINGS = NO;
				SWIFT_VERSION = 5.0;
				TARGETED_DEVICE_FAMILY = "1,2";
				TEST_TARGET_NAME = RandomPhoto;
			};
			name = Release;
		};
/* End XCBuildConfiguration section */

/* Begin XCConfigurationList section */
		C553EFBF295CBE0800543DC3 /* Build configuration list for PBXProject "RandomPhoto" */ = {
			isa = XCConfigurationList;
			buildConfigurations = (
				C553EFEC295CBE0C00543DC3 /* Debug */,
				C553EFED295CBE0C00543DC3 /* Release */,
			);
			defaultConfigurationIsVisible = 0;
			defaultConfigurationName = Release;
		};
		C553EFEE295CBE0C00543DC3 /* Build configuration list for PBXNativeTarget "RandomPhoto" */ = {
			isa = XCConfigurationList;
			buildConfigurations = (
				C553EFEF295CBE0C00543DC3 /* Debug */,
				C553EFF0295CBE0C00543DC3 /* Release */,
			);
			defaultConfigurationIsVisible = 0;
			defaultConfigurationName = Release;
		};
		C553EFF1295CBE0C00543DC3 /* Build configuration list for PBXNativeTarget "RandomPhotoTests" */ = {
			isa = XCConfigurationList;
			buildConfigurations = (
				C553EFF2295CBE0C00543DC3 /* Debug */,
				C553EFF3295CBE0C00543DC3 /* Release */,
			);
			defaultConfigurationIsVisible = 0;
			defaultConfigurationName = Release;
		};
		C553EFF4295CBE0C00543DC3 /* Build configuration list for PBXNativeTarget "RandomPhotoUITests" */ = {
			isa = XCConfigurationList;
			buildConfigurations = (
				C553EFF5295CBE0C00543DC3 /* Debug */,
				C553EFF6295CBE0C00543DC3 /* Release */,
			);
			defaultConfigurationIsVisible = 0;
			defaultConfigurationName = Release;
		};
/* End XCConfigurationList section */
	};
	rootObject = C553EFBC295CBE0800543DC3 /* Project object */;
}
